// !$*UTF8*$!
{
	archiveVersion = 1;
	classes = {
	};
	objectVersion = 56;
	objects = {

/* Begin PBXBuildFile section */
		CEC0CFFD29996BD600904649 /* AppDelegate.swift in Sources */ = {isa = PBXBuildFile; fileRef = CEC0CFFC29996BD600904649 /* AppDelegate.swift */; };
		CEC0CFFF29996BD600904649 /* SceneDelegate.swift in Sources */ = {isa = PBXBuildFile; fileRef = CEC0CFFE29996BD600904649 /* SceneDelegate.swift */; };
		CEC0D00129996BD600904649 /* ViewController.swift in Sources */ = {isa = PBXBuildFile; fileRef = CEC0D00029996BD600904649 /* ViewController.swift */; };
		CEC0D00429996BD600904649 /* Main.storyboard in Resources */ = {isa = PBXBuildFile; fileRef = CEC0D00229996BD600904649 /* Main.storyboard */; };
		CEC0D00629996BD900904649 /* Assets.xcassets in Resources */ = {isa = PBXBuildFile; fileRef = CEC0D00529996BD900904649 /* Assets.xcassets */; };
		CEC0D00929996BD900904649 /* LaunchScreen.storyboard in Resources */ = {isa = PBXBuildFile; fileRef = CEC0D00729996BD900904649 /* LaunchScreen.storyboard */; };
		CEC0D01429996BDA00904649 /* Quizz_UITests.swift in Sources */ = {isa = PBXBuildFile; fileRef = CEC0D01329996BDA00904649 /* Quizz_UITests.swift */; };
		CEC0D01E29996BDA00904649 /* Quizz_UIUITests.swift in Sources */ = {isa = PBXBuildFile; fileRef = CEC0D01D29996BDA00904649 /* Quizz_UIUITests.swift */; };
		CEC0D02029996BDA00904649 /* Quizz_UIUITestsLaunchTests.swift in Sources */ = {isa = PBXBuildFile; fileRef = CEC0D01F29996BDA00904649 /* Quizz_UIUITestsLaunchTests.swift */; };
/* End PBXBuildFile section */

/* Begin PBXContainerItemProxy section */
		CEC0D01029996BDA00904649 /* PBXContainerItemProxy */ = {
			isa = PBXContainerItemProxy;
			containerPortal = CEC0CFF129996BD600904649 /* Project object */;
			proxyType = 1;
			remoteGlobalIDString = CEC0CFF829996BD600904649;
			remoteInfo = Quizz_UI;
		};
		CEC0D01A29996BDA00904649 /* PBXContainerItemProxy */ = {
			isa = PBXContainerItemProxy;
			containerPortal = CEC0CFF129996BD600904649 /* Project object */;
			proxyType = 1;
			remoteGlobalIDString = CEC0CFF829996BD600904649;
			remoteInfo = Quizz_UI;
		};
/* End PBXContainerItemProxy section */

/* Begin PBXFileReference section */
		CEC0CFF929996BD600904649 /* Quizz_UI.app */ = {isa = PBXFileReference; explicitFileType = wrapper.application; includeInIndex = 0; path = Quizz_UI.app; sourceTree = BUILT_PRODUCTS_DIR; };
		CEC0CFFC29996BD600904649 /* AppDelegate.swift */ = {isa = PBXFileReference; lastKnownFileType = sourcecode.swift; path = AppDelegate.swift; sourceTree = "<group>"; };
		CEC0CFFE29996BD600904649 /* SceneDelegate.swift */ = {isa = PBXFileReference; lastKnownFileType = sourcecode.swift; path = SceneDelegate.swift; sourceTree = "<group>"; };
		CEC0D00029996BD600904649 /* ViewController.swift */ = {isa = PBXFileReference; lastKnownFileType = sourcecode.swift; path = ViewController.swift; sourceTree = "<group>"; };
		CEC0D00329996BD600904649 /* Base */ = {isa = PBXFileReference; lastKnownFileType = file.storyboard; name = Base; path = Base.lproj/Main.storyboard; sourceTree = "<group>"; };
		CEC0D00529996BD900904649 /* Assets.xcassets */ = {isa = PBXFileReference; lastKnownFileType = folder.assetcatalog; path = Assets.xcassets; sourceTree = "<group>"; };
		CEC0D00829996BD900904649 /* Base */ = {isa = PBXFileReference; lastKnownFileType = file.storyboard; name = Base; path = Base.lproj/LaunchScreen.storyboard; sourceTree = "<group>"; };
		CEC0D00A29996BD900904649 /* Info.plist */ = {isa = PBXFileReference; lastKnownFileType = text.plist.xml; path = Info.plist; sourceTree = "<group>"; };
		CEC0D00F29996BDA00904649 /* Quizz_UITests.xctest */ = {isa = PBXFileReference; explicitFileType = wrapper.cfbundle; includeInIndex = 0; path = Quizz_UITests.xctest; sourceTree = BUILT_PRODUCTS_DIR; };
		CEC0D01329996BDA00904649 /* Quizz_UITests.swift */ = {isa = PBXFileReference; lastKnownFileType = sourcecode.swift; path = Quizz_UITests.swift; sourceTree = "<group>"; };
		CEC0D01929996BDA00904649 /* Quizz_UIUITests.xctest */ = {isa = PBXFileReference; explicitFileType = wrapper.cfbundle; includeInIndex = 0; path = Quizz_UIUITests.xctest; sourceTree = BUILT_PRODUCTS_DIR; };
		CEC0D01D29996BDA00904649 /* Quizz_UIUITests.swift */ = {isa = PBXFileReference; lastKnownFileType = sourcecode.swift; path = Quizz_UIUITests.swift; sourceTree = "<group>"; };
		CEC0D01F29996BDA00904649 /* Quizz_UIUITestsLaunchTests.swift */ = {isa = PBXFileReference; lastKnownFileType = sourcecode.swift; path = Quizz_UIUITestsLaunchTests.swift; sourceTree = "<group>"; };
/* End PBXFileReference section */

/* Begin PBXFrameworksBuildPhase section */
		CEC0CFF629996BD600904649 /* Frameworks */ = {
			isa = PBXFrameworksBuildPhase;
			buildActionMask = 2147483647;
			files = (
			);
			runOnlyForDeploymentPostprocessing = 0;
		};
		CEC0D00C29996BDA00904649 /* Frameworks */ = {
			isa = PBXFrameworksBuildPhase;
			buildActionMask = 2147483647;
			files = (
			);
			runOnlyForDeploymentPostprocessing = 0;
		};
		CEC0D01629996BDA00904649 /* Frameworks */ = {
			isa = PBXFrameworksBuildPhase;
			buildActionMask = 2147483647;
			files = (
			);
			runOnlyForDeploymentPostprocessing = 0;
		};
/* End PBXFrameworksBuildPhase section */

/* Begin PBXGroup section */
		CEC0CFF029996BD600904649 = {
			isa = PBXGroup;
			children = (
				CEC0CFFB29996BD600904649 /* Quizz_UI */,
				CEC0D01229996BDA00904649 /* Quizz_UITests */,
				CEC0D01C29996BDA00904649 /* Quizz_UIUITests */,
				CEC0CFFA29996BD600904649 /* Products */,
			);
			sourceTree = "<group>";
		};
		CEC0CFFA29996BD600904649 /* Products */ = {
			isa = PBXGroup;
			children = (
				CEC0CFF929996BD600904649 /* Quizz_UI.app */,
				CEC0D00F29996BDA00904649 /* Quizz_UITests.xctest */,
				CEC0D01929996BDA00904649 /* Quizz_UIUITests.xctest */,
			);
			name = Products;
			sourceTree = "<group>";
		};
		CEC0CFFB29996BD600904649 /* Quizz_UI */ = {
			isa = PBXGroup;
			children = (
				CEC0CFFC29996BD600904649 /* AppDelegate.swift */,
				CEC0CFFE29996BD600904649 /* SceneDelegate.swift */,
				CEC0D00029996BD600904649 /* ViewController.swift */,
				CEC0D00229996BD600904649 /* Main.storyboard */,
				CEC0D00529996BD900904649 /* Assets.xcassets */,
				CEC0D00729996BD900904649 /* LaunchScreen.storyboard */,
				CEC0D00A29996BD900904649 /* Info.plist */,
			);
			path = Quizz_UI;
			sourceTree = "<group>";
		};
		CEC0D01229996BDA00904649 /* Quizz_UITests */ = {
			isa = PBXGroup;
			children = (
				CEC0D01329996BDA00904649 /* Quizz_UITests.swift */,
			);
			path = Quizz_UITests;
			sourceTree = "<group>";
		};
		CEC0D01C29996BDA00904649 /* Quizz_UIUITests */ = {
			isa = PBXGroup;
			children = (
				CEC0D01D29996BDA00904649 /* Quizz_UIUITests.swift */,
				CEC0D01F29996BDA00904649 /* Quizz_UIUITestsLaunchTests.swift */,
			);
			path = Quizz_UIUITests;
			sourceTree = "<group>";
		};
/* End PBXGroup section */

/* Begin PBXNativeTarget section */
		CEC0CFF829996BD600904649 /* Quizz_UI */ = {
			isa = PBXNativeTarget;
			buildConfigurationList = CEC0D02329996BDA00904649 /* Build configuration list for PBXNativeTarget "Quizz_UI" */;
			buildPhases = (
				CEC0CFF529996BD600904649 /* Sources */,
				CEC0CFF629996BD600904649 /* Frameworks */,
				CEC0CFF729996BD600904649 /* Resources */,
			);
			buildRules = (
			);
			dependencies = (
			);
			name = Quizz_UI;
			productName = Quizz_UI;
			productReference = CEC0CFF929996BD600904649 /* Quizz_UI.app */;
			productType = "com.apple.product-type.application";
		};
		CEC0D00E29996BDA00904649 /* Quizz_UITests */ = {
			isa = PBXNativeTarget;
			buildConfigurationList = CEC0D02629996BDA00904649 /* Build configuration list for PBXNativeTarget "Quizz_UITests" */;
			buildPhases = (
				CEC0D00B29996BDA00904649 /* Sources */,
				CEC0D00C29996BDA00904649 /* Frameworks */,
				CEC0D00D29996BDA00904649 /* Resources */,
			);
			buildRules = (
			);
			dependencies = (
				CEC0D01129996BDA00904649 /* PBXTargetDependency */,
			);
			name = Quizz_UITests;
			productName = Quizz_UITests;
			productReference = CEC0D00F29996BDA00904649 /* Quizz_UITests.xctest */;
			productType = "com.apple.product-type.bundle.unit-test";
		};
		CEC0D01829996BDA00904649 /* Quizz_UIUITests */ = {
			isa = PBXNativeTarget;
			buildConfigurationList = CEC0D02929996BDA00904649 /* Build configuration list for PBXNativeTarget "Quizz_UIUITests" */;
			buildPhases = (
				CEC0D01529996BDA00904649 /* Sources */,
				CEC0D01629996BDA00904649 /* Frameworks */,
				CEC0D01729996BDA00904649 /* Resources */,
			);
			buildRules = (
			);
			dependencies = (
				CEC0D01B29996BDA00904649 /* PBXTargetDependency */,
			);
			name = Quizz_UIUITests;
			productName = Quizz_UIUITests;
			productReference = CEC0D01929996BDA00904649 /* Quizz_UIUITests.xctest */;
			productType = "com.apple.product-type.bundle.ui-testing";
		};
/* End PBXNativeTarget section */

/* Begin PBXProject section */
		CEC0CFF129996BD600904649 /* Project object */ = {
			isa = PBXProject;
			attributes = {
				BuildIndependentTargetsInParallel = 1;
				LastSwiftUpdateCheck = 1410;
				LastUpgradeCheck = 1410;
				TargetAttributes = {
					CEC0CFF829996BD600904649 = {
						CreatedOnToolsVersion = 14.1;
					};
					CEC0D00E29996BDA00904649 = {
						CreatedOnToolsVersion = 14.1;
						TestTargetID = CEC0CFF829996BD600904649;
					};
					CEC0D01829996BDA00904649 = {
						CreatedOnToolsVersion = 14.1;
						TestTargetID = CEC0CFF829996BD600904649;
					};
				};
			};
			buildConfigurationList = CEC0CFF429996BD600904649 /* Build configuration list for PBXProject "Quizz_UI" */;
			compatibilityVersion = "Xcode 14.0";
			developmentRegion = en;
			hasScannedForEncodings = 0;
			knownRegions = (
				en,
				Base,
			);
			mainGroup = CEC0CFF029996BD600904649;
			productRefGroup = CEC0CFFA29996BD600904649 /* Products */;
			projectDirPath = "";
			projectRoot = "";
			targets = (
				CEC0CFF829996BD600904649 /* Quizz_UI */,
				CEC0D00E29996BDA00904649 /* Quizz_UITests */,
				CEC0D01829996BDA00904649 /* Quizz_UIUITests */,
			);
		};
/* End PBXProject section */

/* Begin PBXResourcesBuildPhase section */
		CEC0CFF729996BD600904649 /* Resources */ = {
			isa = PBXResourcesBuildPhase;
			buildActionMask = 2147483647;
			files = (
				CEC0D00929996BD900904649 /* LaunchScreen.storyboard in Resources */,
				CEC0D00629996BD900904649 /* Assets.xcassets in Resources */,
				CEC0D00429996BD600904649 /* Main.storyboard in Resources */,
			);
			runOnlyForDeploymentPostprocessing = 0;
		};
		CEC0D00D29996BDA00904649 /* Resources */ = {
			isa = PBXResourcesBuildPhase;
			buildActionMask = 2147483647;
			files = (
			);
			runOnlyForDeploymentPostprocessing = 0;
		};
		CEC0D01729996BDA00904649 /* Resources */ = {
			isa = PBXResourcesBuildPhase;
			buildActionMask = 2147483647;
			files = (
			);
			runOnlyForDeploymentPostprocessing = 0;
		};
/* End PBXResourcesBuildPhase section */

/* Begin PBXSourcesBuildPhase section */
		CEC0CFF529996BD600904649 /* Sources */ = {
			isa = PBXSourcesBuildPhase;
			buildActionMask = 2147483647;
			files = (
				CEC0D00129996BD600904649 /* ViewController.swift in Sources */,
				CEC0CFFD29996BD600904649 /* AppDelegate.swift in Sources */,
				CEC0CFFF29996BD600904649 /* SceneDelegate.swift in Sources */,
			);
			runOnlyForDeploymentPostprocessing = 0;
		};
		CEC0D00B29996BDA00904649 /* Sources */ = {
			isa = PBXSourcesBuildPhase;
			buildActionMask = 2147483647;
			files = (
				CEC0D01429996BDA00904649 /* Quizz_UITests.swift in Sources */,
			);
			runOnlyForDeploymentPostprocessing = 0;
		};
		CEC0D01529996BDA00904649 /* Sources */ = {
			isa = PBXSourcesBuildPhase;
			buildActionMask = 2147483647;
			files = (
				CEC0D02029996BDA00904649 /* Quizz_UIUITestsLaunchTests.swift in Sources */,
				CEC0D01E29996BDA00904649 /* Quizz_UIUITests.swift in Sources */,
			);
			runOnlyForDeploymentPostprocessing = 0;
		};
/* End PBXSourcesBuildPhase section */

/* Begin PBXTargetDependency section */
		CEC0D01129996BDA00904649 /* PBXTargetDependency */ = {
			isa = PBXTargetDependency;
			target = CEC0CFF829996BD600904649 /* Quizz_UI */;
			targetProxy = CEC0D01029996BDA00904649 /* PBXContainerItemProxy */;
		};
		CEC0D01B29996BDA00904649 /* PBXTargetDependency */ = {
			isa = PBXTargetDependency;
			target = CEC0CFF829996BD600904649 /* Quizz_UI */;
			targetProxy = CEC0D01A29996BDA00904649 /* PBXContainerItemProxy */;
		};
/* End PBXTargetDependency section */

/* Begin PBXVariantGroup section */
		CEC0D00229996BD600904649 /* Main.storyboard */ = {
			isa = PBXVariantGroup;
			children = (
				CEC0D00329996BD600904649 /* Base */,
			);
			name = Main.storyboard;
			sourceTree = "<group>";
		};
		CEC0D00729996BD900904649 /* LaunchScreen.storyboard */ = {
			isa = PBXVariantGroup;
			children = (
				CEC0D00829996BD900904649 /* Base */,
			);
			name = LaunchScreen.storyboard;
			sourceTree = "<group>";
		};
/* End PBXVariantGroup section */

/* Begin XCBuildConfiguration section */
		CEC0D02129996BDA00904649 /* Debug */ = {
			isa = XCBuildConfiguration;
			buildSettings = {
				ALWAYS_SEARCH_USER_PATHS = NO;
				CLANG_ANALYZER_NONNULL = YES;
				CLANG_ANALYZER_NUMBER_OBJECT_CONVERSION = YES_AGGRESSIVE;
				CLANG_CXX_LANGUAGE_STANDARD = "gnu++20";
				CLANG_ENABLE_MODULES = YES;
				CLANG_ENABLE_OBJC_ARC = YES;
				CLANG_ENABLE_OBJC_WEAK = YES;
				CLANG_WARN_BLOCK_CAPTURE_AUTORELEASING = YES;
				CLANG_WARN_BOOL_CONVERSION = YES;
				CLANG_WARN_COMMA = YES;
				CLANG_WARN_CONSTANT_CONVERSION = YES;
				CLANG_WARN_DEPRECATED_OBJC_IMPLEMENTATIONS = YES;
				CLANG_WARN_DIRECT_OBJC_ISA_USAGE = YES_ERROR;
				CLANG_WARN_DOCUMENTATION_COMMENTS = YES;
				CLANG_WARN_EMPTY_BODY = YES;
				CLANG_WARN_ENUM_CONVERSION = YES;
				CLANG_WARN_INFINITE_RECURSION = YES;
				CLANG_WARN_INT_CONVERSION = YES;
				CLANG_WARN_NON_LITERAL_NULL_CONVERSION = YES;
				CLANG_WARN_OBJC_IMPLICIT_RETAIN_SELF = YES;
				CLANG_WARN_OBJC_LITERAL_CONVERSION = YES;
				CLANG_WARN_OBJC_ROOT_CLASS = YES_ERROR;
				CLANG_WARN_QUOTED_INCLUDE_IN_FRAMEWORK_HEADER = YES;
				CLANG_WARN_RANGE_LOOP_ANALYSIS = YES;
				CLANG_WARN_STRICT_PROTOTYPES = YES;
				CLANG_WARN_SUSPICIOUS_MOVE = YES;
				CLANG_WARN_UNGUARDED_AVAILABILITY = YES_AGGRESSIVE;
				CLANG_WARN_UNREACHABLE_CODE = YES;
				CLANG_WARN__DUPLICATE_METHOD_MATCH = YES;
				COPY_PHASE_STRIP = NO;
				DEBUG_INFORMATION_FORMAT = dwarf;
				ENABLE_STRICT_OBJC_MSGSEND = YES;
				ENABLE_TESTABILITY = YES;
				GCC_C_LANGUAGE_STANDARD = gnu11;
				GCC_DYNAMIC_NO_PIC = NO;
				GCC_NO_COMMON_BLOCKS = YES;
				GCC_OPTIMIZATION_LEVEL = 0;
				GCC_PREPROCESSOR_DEFINITIONS = (
					"DEBUG=1",
					"$(inherited)",
				);
				GCC_WARN_64_TO_32_BIT_CONVERSION = YES;
				GCC_WARN_ABOUT_RETURN_TYPE = YES_ERROR;
				GCC_WARN_UNDECLARED_SELECTOR = YES;
				GCC_WARN_UNINITIALIZED_AUTOS = YES_AGGRESSIVE;
				GCC_WARN_UNUSED_FUNCTION = YES;
				GCC_WARN_UNUSED_VARIABLE = YES;
				IPHONEOS_DEPLOYMENT_TARGET = 16.1;
				MTL_ENABLE_DEBUG_INFO = INCLUDE_SOURCE;
				MTL_FAST_MATH = YES;
				ONLY_ACTIVE_ARCH = YES;
				SDKROOT = iphoneos;
				SWIFT_ACTIVE_COMPILATION_CONDITIONS = DEBUG;
				SWIFT_OPTIMIZATION_LEVEL = "-Onone";
			};
			name = Debug;
		};
		CEC0D02229996BDA00904649 /* Release */ = {
			isa = XCBuildConfiguration;
			buildSettings = {
				ALWAYS_SEARCH_USER_PATHS = NO;
				CLANG_ANALYZER_NONNULL = YES;
				CLANG_ANALYZER_NUMBER_OBJECT_CONVERSION = YES_AGGRESSIVE;
				CLANG_CXX_LANGUAGE_STANDARD = "gnu++20";
				CLANG_ENABLE_MODULES = YES;
				CLANG_ENABLE_OBJC_ARC = YES;
				CLANG_ENABLE_OBJC_WEAK = YES;
				CLANG_WARN_BLOCK_CAPTURE_AUTORELEASING = YES;
				CLANG_WARN_BOOL_CONVERSION = YES;
				CLANG_WARN_COMMA = YES;
				CLANG_WARN_CONSTANT_CONVERSION = YES;
				CLANG_WARN_DEPRECATED_OBJC_IMPLEMENTATIONS = YES;
				CLANG_WARN_DIRECT_OBJC_ISA_USAGE = YES_ERROR;
				CLANG_WARN_DOCUMENTATION_COMMENTS = YES;
				CLANG_WARN_EMPTY_BODY = YES;
				CLANG_WARN_ENUM_CONVERSION = YES;
				CLANG_WARN_INFINITE_RECURSION = YES;
				CLANG_WARN_INT_CONVERSION = YES;
				CLANG_WARN_NON_LITERAL_NULL_CONVERSION = YES;
				CLANG_WARN_OBJC_IMPLICIT_RETAIN_SELF = YES;
				CLANG_WARN_OBJC_LITERAL_CONVERSION = YES;
				CLANG_WARN_OBJC_ROOT_CLASS = YES_ERROR;
				CLANG_WARN_QUOTED_INCLUDE_IN_FRAMEWORK_HEADER = YES;
				CLANG_WARN_RANGE_LOOP_ANALYSIS = YES;
				CLANG_WARN_STRICT_PROTOTYPES = YES;
				CLANG_WARN_SUSPICIOUS_MOVE = YES;
				CLANG_WARN_UNGUARDED_AVAILABILITY = YES_AGGRESSIVE;
				CLANG_WARN_UNREACHABLE_CODE = YES;
				CLANG_WARN__DUPLICATE_METHOD_MATCH = YES;
				COPY_PHASE_STRIP = NO;
				DEBUG_INFORMATION_FORMAT = "dwarf-with-dsym";
				ENABLE_NS_ASSERTIONS = NO;
				ENABLE_STRICT_OBJC_MSGSEND = YES;
				GCC_C_LANGUAGE_STANDARD = gnu11;
				GCC_NO_COMMON_BLOCKS = YES;
				GCC_WARN_64_TO_32_BIT_CONVERSION = YES;
				GCC_WARN_ABOUT_RETURN_TYPE = YES_ERROR;
				GCC_WARN_UNDECLARED_SELECTOR = YES;
				GCC_WARN_UNINITIALIZED_AUTOS = YES_AGGRESSIVE;
				GCC_WARN_UNUSED_FUNCTION = YES;
				GCC_WARN_UNUSED_VARIABLE = YES;
				IPHONEOS_DEPLOYMENT_TARGET = 16.1;
				MTL_ENABLE_DEBUG_INFO = NO;
				MTL_FAST_MATH = YES;
				SDKROOT = iphoneos;
				SWIFT_COMPILATION_MODE = wholemodule;
				SWIFT_OPTIMIZATION_LEVEL = "-O";
				VALIDATE_PRODUCT = YES;
			};
			name = Release;
		};
		CEC0D02429996BDA00904649 /* Debug */ = {
			isa = XCBuildConfiguration;
			buildSettings = {
				ASSETCATALOG_COMPILER_APPICON_NAME = AppIcon;
				ASSETCATALOG_COMPILER_GLOBAL_ACCENT_COLOR_NAME = AccentColor;
				CODE_SIGN_STYLE = Automatic;
				CURRENT_PROJECT_VERSION = 1;
				GENERATE_INFOPLIST_FILE = YES;
				INFOPLIST_FILE = Quizz_UI/Info.plist;
				INFOPLIST_KEY_UIApplicationSupportsIndirectInputEvents = YES;
				INFOPLIST_KEY_UILaunchStoryboardName = LaunchScreen;
				INFOPLIST_KEY_UIMainStoryboardFile = Main;
				INFOPLIST_KEY_UISupportedInterfaceOrientations_iPad = "UIInterfaceOrientationPortrait UIInterfaceOrientationPortraitUpsideDown UIInterfaceOrientationLandscapeLeft UIInterfaceOrientationLandscapeRight";
				INFOPLIST_KEY_UISupportedInterfaceOrientations_iPhone = "UIInterfaceOrientationPortrait UIInterfaceOrientationLandscapeLeft UIInterfaceOrientationLandscapeRight";
				LD_RUNPATH_SEARCH_PATHS = (
					"$(inherited)",
					"@executable_path/Frameworks",
				);
				MARKETING_VERSION = 1.0;
				PRODUCT_BUNDLE_IDENTIFIER = "julie.Quizz-UI";
				PRODUCT_NAME = "$(TARGET_NAME)";
				SWIFT_EMIT_LOC_STRINGS = YES;
				SWIFT_VERSION = 5.0;
				TARGETED_DEVICE_FAMILY = "1,2";
			};
			name = Debug;
		};
		CEC0D02529996BDA00904649 /* Release */ = {
			isa = XCBuildConfiguration;
			buildSettings = {
				ASSETCATALOG_COMPILER_APPICON_NAME = AppIcon;
				ASSETCATALOG_COMPILER_GLOBAL_ACCENT_COLOR_NAME = AccentColor;
				CODE_SIGN_STYLE = Automatic;
				CURRENT_PROJECT_VERSION = 1;
				GENERATE_INFOPLIST_FILE = YES;
				INFOPLIST_FILE = Quizz_UI/Info.plist;
				INFOPLIST_KEY_UIApplicationSupportsIndirectInputEvents = YES;
				INFOPLIST_KEY_UILaunchStoryboardName = LaunchScreen;
				INFOPLIST_KEY_UIMainStoryboardFile = Main;
				INFOPLIST_KEY_UISupportedInterfaceOrientations_iPad = "UIInterfaceOrientationPortrait UIInterfaceOrientationPortraitUpsideDown UIInterfaceOrientationLandscapeLeft UIInterfaceOrientationLandscapeRight";
				INFOPLIST_KEY_UISupportedInterfaceOrientations_iPhone = "UIInterfaceOrientationPortrait UIInterfaceOrientationLandscapeLeft UIInterfaceOrientationLandscapeRight";
				LD_RUNPATH_SEARCH_PATHS = (
					"$(inherited)",
					"@executable_path/Frameworks",
				);
				MARKETING_VERSION = 1.0;
				PRODUCT_BUNDLE_IDENTIFIER = "julie.Quizz-UI";
				PRODUCT_NAME = "$(TARGET_NAME)";
				SWIFT_EMIT_LOC_STRINGS = YES;
				SWIFT_VERSION = 5.0;
				TARGETED_DEVICE_FAMILY = "1,2";
			};
			name = Release;
		};
		CEC0D02729996BDA00904649 /* Debug */ = {
			isa = XCBuildConfiguration;
			buildSettings = {
				ALWAYS_EMBED_SWIFT_STANDARD_LIBRARIES = YES;
				BUNDLE_LOADER = "$(TEST_HOST)";
				CODE_SIGN_STYLE = Automatic;
				CURRENT_PROJECT_VERSION = 1;
				GENERATE_INFOPLIST_FILE = YES;
				IPHONEOS_DEPLOYMENT_TARGET = 16.1;
				MARKETING_VERSION = 1.0;
				PRODUCT_BUNDLE_IDENTIFIER = "julie.Quizz-UITests";
				PRODUCT_NAME = "$(TARGET_NAME)";
				SWIFT_EMIT_LOC_STRINGS = NO;
				SWIFT_VERSION = 5.0;
				TARGETED_DEVICE_FAMILY = "1,2";
				TEST_HOST = "$(BUILT_PRODUCTS_DIR)/Quizz_UI.app/$(BUNDLE_EXECUTABLE_FOLDER_PATH)/Quizz_UI";
			};
			name = Debug;
		};
		CEC0D02829996BDA00904649 /* Release */ = {
			isa = XCBuildConfiguration;
			buildSettings = {
				ALWAYS_EMBED_SWIFT_STANDARD_LIBRARIES = YES;
				BUNDLE_LOADER = "$(TEST_HOST)";
				CODE_SIGN_STYLE = Automatic;
				CURRENT_PROJECT_VERSION = 1;
				GENERATE_INFOPLIST_FILE = YES;
				IPHONEOS_DEPLOYMENT_TARGET = 16.1;
				MARKETING_VERSION = 1.0;
				PRODUCT_BUNDLE_IDENTIFIER = "julie.Quizz-UITests";
				PRODUCT_NAME = "$(TARGET_NAME)";
				SWIFT_EMIT_LOC_STRINGS = NO;
				SWIFT_VERSION = 5.0;
				TARGETED_DEVICE_FAMILY = "1,2";
				TEST_HOST = "$(BUILT_PRODUCTS_DIR)/Quizz_UI.app/$(BUNDLE_EXECUTABLE_FOLDER_PATH)/Quizz_UI";
			};
			name = Release;
		};
		CEC0D02A29996BDA00904649 /* Debug */ = {
			isa = XCBuildConfiguration;
			buildSettings = {
				ALWAYS_EMBED_SWIFT_STANDARD_LIBRARIES = YES;
				CODE_SIGN_STYLE = Automatic;
				CURRENT_PROJECT_VERSION = 1;
				GENERATE_INFOPLIST_FILE = YES;
				MARKETING_VERSION = 1.0;
				PRODUCT_BUNDLE_IDENTIFIER = "julie.Quizz-UIUITests";
				PRODUCT_NAME = "$(TARGET_NAME)";
				SWIFT_EMIT_LOC_STRINGS = NO;
				SWIFT_VERSION = 5.0;
				TARGETED_DEVICE_FAMILY = "1,2";
				TEST_TARGET_NAME = Quizz_UI;
			};
			name = Debug;
		};
		CEC0D02B29996BDA00904649 /* Release */ = {
			isa = XCBuildConfiguration;
			buildSettings = {
				ALWAYS_EMBED_SWIFT_STANDARD_LIBRARIES = YES;
				CODE_SIGN_STYLE = Automatic;
				CURRENT_PROJECT_VERSION = 1;
				GENERATE_INFOPLIST_FILE = YES;
				MARKETING_VERSION = 1.0;
				PRODUCT_BUNDLE_IDENTIFIER = "julie.Quizz-UIUITests";
				PRODUCT_NAME = "$(TARGET_NAME)";
				SWIFT_EMIT_LOC_STRINGS = NO;
				SWIFT_VERSION = 5.0;
				TARGETED_DEVICE_FAMILY = "1,2";
				TEST_TARGET_NAME = Quizz_UI;
			};
			name = Release;
		};
/* End XCBuildConfiguration section */

/* Begin XCConfigurationList section */
		CEC0CFF429996BD600904649 /* Build configuration list for PBXProject "Quizz_UI" */ = {
			isa = XCConfigurationList;
			buildConfigurations = (
				CEC0D02129996BDA00904649 /* Debug */,
				CEC0D02229996BDA00904649 /* Release */,
			);
			defaultConfigurationIsVisible = 0;
			defaultConfigurationName = Release;
		};
		CEC0D02329996BDA00904649 /* Build configuration list for PBXNativeTarget "Quizz_UI" */ = {
			isa = XCConfigurationList;
			buildConfigurations = (
				CEC0D02429996BDA00904649 /* Debug */,
				CEC0D02529996BDA00904649 /* Release */,
			);
			defaultConfigurationIsVisible = 0;
			defaultConfigurationName = Release;
		};
		CEC0D02629996BDA00904649 /* Build configuration list for PBXNativeTarget "Quizz_UITests" */ = {
			isa = XCConfigurationList;
			buildConfigurations = (
				CEC0D02729996BDA00904649 /* Debug */,
				CEC0D02829996BDA00904649 /* Release */,
			);
			defaultConfigurationIsVisible = 0;
			defaultConfigurationName = Release;
		};
		CEC0D02929996BDA00904649 /* Build configuration list for PBXNativeTarget "Quizz_UIUITests" */ = {
			isa = XCConfigurationList;
			buildConfigurations = (
				CEC0D02A29996BDA00904649 /* Debug */,
				CEC0D02B29996BDA00904649 /* Release */,
			);
			defaultConfigurationIsVisible = 0;
			defaultConfigurationName = Release;
		};
/* End XCConfigurationList section */
	};
	rootObject = CEC0CFF129996BD600904649 /* Project object */;
}
